// !$*UTF8*$!
{
	archiveVersion = 1;
	classes = {
	};
	objectVersion = 50;
	objects = {

/* Begin PBXBuildFile section */
		045ED79220FDFDC8004155D2 /* AppDelegate.swift in Sources */ = {isa = PBXBuildFile; fileRef = 045ED79120FDFDC8004155D2 /* AppDelegate.swift */; };
		045ED79A20FDFDC9004155D2 /* five_seconds.xcdatamodeld in Sources */ = {isa = PBXBuildFile; fileRef = 045ED79820FDFDC9004155D2 /* five_seconds.xcdatamodeld */; };
		045ED79C20FDFDCC004155D2 /* Assets.xcassets in Resources */ = {isa = PBXBuildFile; fileRef = 045ED79B20FDFDCC004155D2 /* Assets.xcassets */; };
		045ED79F20FDFDCC004155D2 /* LaunchScreen.storyboard in Resources */ = {isa = PBXBuildFile; fileRef = 045ED79D20FDFDCC004155D2 /* LaunchScreen.storyboard */; };
		045ED7AA20FDFE9A004155D2 /* GameNavigation.swift in Sources */ = {isa = PBXBuildFile; fileRef = 045ED7A920FDFE9A004155D2 /* GameNavigation.swift */; };
		045ED7AC20FDFEBB004155D2 /* StoryboardList.swift in Sources */ = {isa = PBXBuildFile; fileRef = 045ED7AB20FDFEBB004155D2 /* StoryboardList.swift */; };
		045ED7AE20FDFFFA004155D2 /* MenuViewController.swift in Sources */ = {isa = PBXBuildFile; fileRef = 045ED7AD20FDFFFA004155D2 /* MenuViewController.swift */; };
		045ED7B020FE00A4004155D2 /* MenuViewController.storyboard in Resources */ = {isa = PBXBuildFile; fileRef = 045ED7AF20FE00A4004155D2 /* MenuViewController.storyboard */; };
		045ED7B320FE00DE004155D2 /* BackgroundView.swift in Sources */ = {isa = PBXBuildFile; fileRef = 045ED7B220FE00DE004155D2 /* BackgroundView.swift */; };
		045ED7B520FE04A1004155D2 /* GameNavigation.storyboard in Resources */ = {isa = PBXBuildFile; fileRef = 045ED7B420FE04A1004155D2 /* GameNavigation.storyboard */; };
		045ED7B820FE08FF004155D2 /* GamerListViewController.swift in Sources */ = {isa = PBXBuildFile; fileRef = 045ED7B720FE08FF004155D2 /* GamerListViewController.swift */; };
		045ED7BA20FE090E004155D2 /* GamerListViewController.storyboard in Resources */ = {isa = PBXBuildFile; fileRef = 045ED7B920FE090E004155D2 /* GamerListViewController.storyboard */; };
		045ED7BE20FE096F004155D2 /* Extensions.swift in Sources */ = {isa = PBXBuildFile; fileRef = 045ED7BD20FE096F004155D2 /* Extensions.swift */; };
		045ED7C220FE0E7F004155D2 /* GamerListModel.swift in Sources */ = {isa = PBXBuildFile; fileRef = 045ED7C120FE0E7F004155D2 /* GamerListModel.swift */; };
		045ED7C520FE1070004155D2 /* PlayerCell.swift in Sources */ = {isa = PBXBuildFile; fileRef = 045ED7C320FE1070004155D2 /* PlayerCell.swift */; };
		045ED7C620FE1070004155D2 /* PlayerCell.xib in Resources */ = {isa = PBXBuildFile; fileRef = 045ED7C420FE1070004155D2 /* PlayerCell.xib */; };
		045ED7C820FE1681004155D2 /* NewPlayerAddeterView.swift in Sources */ = {isa = PBXBuildFile; fileRef = 045ED7C720FE1681004155D2 /* NewPlayerAddeterView.swift */; };
		045ED7CB20FF3434004155D2 /* Colors.swift in Sources */ = {isa = PBXBuildFile; fileRef = 045ED7CA20FF3433004155D2 /* Colors.swift */; };
/* End PBXBuildFile section */

/* Begin PBXFileReference section */
		045ED78E20FDFDC8004155D2 /* 5second.app */ = {isa = PBXFileReference; explicitFileType = wrapper.application; includeInIndex = 0; path = 5second.app; sourceTree = BUILT_PRODUCTS_DIR; };
		045ED79120FDFDC8004155D2 /* AppDelegate.swift */ = {isa = PBXFileReference; lastKnownFileType = sourcecode.swift; path = AppDelegate.swift; sourceTree = "<group>"; };
		045ED79920FDFDC9004155D2 /* _second.xcdatamodel */ = {isa = PBXFileReference; lastKnownFileType = wrapper.xcdatamodel; path = _second.xcdatamodel; sourceTree = "<group>"; };
		045ED79B20FDFDCC004155D2 /* Assets.xcassets */ = {isa = PBXFileReference; lastKnownFileType = folder.assetcatalog; path = Assets.xcassets; sourceTree = "<group>"; };
		045ED79E20FDFDCC004155D2 /* Base */ = {isa = PBXFileReference; lastKnownFileType = file.storyboard; name = Base; path = Base.lproj/LaunchScreen.storyboard; sourceTree = "<group>"; };
		045ED7A020FDFDCC004155D2 /* Info.plist */ = {isa = PBXFileReference; lastKnownFileType = text.plist.xml; path = Info.plist; sourceTree = "<group>"; };
		045ED7A920FDFE9A004155D2 /* GameNavigation.swift */ = {isa = PBXFileReference; lastKnownFileType = sourcecode.swift; path = GameNavigation.swift; sourceTree = "<group>"; };
		045ED7AB20FDFEBB004155D2 /* StoryboardList.swift */ = {isa = PBXFileReference; lastKnownFileType = sourcecode.swift; path = StoryboardList.swift; sourceTree = "<group>"; };
		045ED7AD20FDFFFA004155D2 /* MenuViewController.swift */ = {isa = PBXFileReference; lastKnownFileType = sourcecode.swift; path = MenuViewController.swift; sourceTree = "<group>"; };
		045ED7AF20FE00A4004155D2 /* MenuViewController.storyboard */ = {isa = PBXFileReference; lastKnownFileType = file.storyboard; path = MenuViewController.storyboard; sourceTree = "<group>"; };
		045ED7B220FE00DE004155D2 /* BackgroundView.swift */ = {isa = PBXFileReference; lastKnownFileType = sourcecode.swift; path = BackgroundView.swift; sourceTree = "<group>"; };
		045ED7B420FE04A1004155D2 /* GameNavigation.storyboard */ = {isa = PBXFileReference; lastKnownFileType = file.storyboard; path = GameNavigation.storyboard; sourceTree = "<group>"; };
		045ED7B720FE08FF004155D2 /* GamerListViewController.swift */ = {isa = PBXFileReference; lastKnownFileType = sourcecode.swift; path = GamerListViewController.swift; sourceTree = "<group>"; };
		045ED7B920FE090E004155D2 /* GamerListViewController.storyboard */ = {isa = PBXFileReference; lastKnownFileType = file.storyboard; path = GamerListViewController.storyboard; sourceTree = "<group>"; };
		045ED7BD20FE096F004155D2 /* Extensions.swift */ = {isa = PBXFileReference; lastKnownFileType = sourcecode.swift; path = Extensions.swift; sourceTree = "<group>"; };
		045ED7C120FE0E7F004155D2 /* GamerListModel.swift */ = {isa = PBXFileReference; lastKnownFileType = sourcecode.swift; path = GamerListModel.swift; sourceTree = "<group>"; };
		045ED7C320FE1070004155D2 /* PlayerCell.swift */ = {isa = PBXFileReference; lastKnownFileType = sourcecode.swift; path = PlayerCell.swift; sourceTree = "<group>"; };
		045ED7C420FE1070004155D2 /* PlayerCell.xib */ = {isa = PBXFileReference; lastKnownFileType = file.xib; path = PlayerCell.xib; sourceTree = "<group>"; };
		045ED7C720FE1681004155D2 /* NewPlayerAddeterView.swift */ = {isa = PBXFileReference; lastKnownFileType = sourcecode.swift; path = NewPlayerAddeterView.swift; sourceTree = "<group>"; };
		045ED7CA20FF3433004155D2 /* Colors.swift */ = {isa = PBXFileReference; lastKnownFileType = sourcecode.swift; path = Colors.swift; sourceTree = "<group>"; };
/* End PBXFileReference section */

/* Begin PBXFrameworksBuildPhase section */
		045ED78B20FDFDC8004155D2 /* Frameworks */ = {
			isa = PBXFrameworksBuildPhase;
			buildActionMask = 2147483647;
			files = (
			);
			runOnlyForDeploymentPostprocessing = 0;
		};
/* End PBXFrameworksBuildPhase section */

/* Begin PBXGroup section */
		045ED78520FDFDC7004155D2 = {
			isa = PBXGroup;
			children = (
				045ED79020FDFDC8004155D2 /* five_seconds */,
				045ED78F20FDFDC8004155D2 /* Products */,
			);
			sourceTree = "<group>";
		};
		045ED78F20FDFDC8004155D2 /* Products */ = {
			isa = PBXGroup;
			children = (
				045ED78E20FDFDC8004155D2 /* 5second.app */,
			);
			name = Products;
			sourceTree = "<group>";
		};
		045ED79020FDFDC8004155D2 /* five_seconds */ = {
			isa = PBXGroup;
			children = (
				045ED7C020FE0E6C004155D2 /* models */,
				045ED7BC20FE095C004155D2 /* developer */,
				045ED7A620FDFE60004155D2 /* ui */,
				045ED79120FDFDC8004155D2 /* AppDelegate.swift */,
				045ED79B20FDFDCC004155D2 /* Assets.xcassets */,
				045ED79D20FDFDCC004155D2 /* LaunchScreen.storyboard */,
				045ED7A020FDFDCC004155D2 /* Info.plist */,
				045ED79820FDFDC9004155D2 /* five_seconds.xcdatamodeld */,
			);
			path = five_seconds;
			sourceTree = "<group>";
		};
		045ED7A620FDFE60004155D2 /* ui */ = {
			isa = PBXGroup;
			children = (
				045ED7C920FF3420004155D2 /* common */,
				045ED7B620FE08DC004155D2 /* gamer list */,
				045ED7B120FE00B8004155D2 /* views */,
				045ED7A820FDFE71004155D2 /* navigation */,
				045ED7A720FDFE69004155D2 /* menu */,
				045ED7AB20FDFEBB004155D2 /* StoryboardList.swift */,
			);
			path = ui;
			sourceTree = "<group>";
		};
		045ED7A720FDFE69004155D2 /* menu */ = {
			isa = PBXGroup;
			children = (
				045ED7AD20FDFFFA004155D2 /* MenuViewController.swift */,
				045ED7AF20FE00A4004155D2 /* MenuViewController.storyboard */,
			);
			path = menu;
			sourceTree = "<group>";
		};
		045ED7A820FDFE71004155D2 /* navigation */ = {
			isa = PBXGroup;
			children = (
				045ED7A920FDFE9A004155D2 /* GameNavigation.swift */,
				045ED7B420FE04A1004155D2 /* GameNavigation.storyboard */,
			);
			path = navigation;
			sourceTree = "<group>";
		};
		045ED7B120FE00B8004155D2 /* views */ = {
			isa = PBXGroup;
			children = (
				045ED7B220FE00DE004155D2 /* BackgroundView.swift */,
			);
			path = views;
			sourceTree = "<group>";
		};
		045ED7B620FE08DC004155D2 /* gamer list */ = {
			isa = PBXGroup;
			children = (
				045ED7BF20FE0E62004155D2 /* view */,
				045ED7BB20FE0939004155D2 /* cell */,
				045ED7B720FE08FF004155D2 /* GamerListViewController.swift */,
				045ED7B920FE090E004155D2 /* GamerListViewController.storyboard */,
			);
			path = "gamer list";
			sourceTree = "<group>";
		};
		045ED7BB20FE0939004155D2 /* cell */ = {
			isa = PBXGroup;
			children = (
				045ED7C320FE1070004155D2 /* PlayerCell.swift */,
				045ED7C420FE1070004155D2 /* PlayerCell.xib */,
			);
			path = cell;
			sourceTree = "<group>";
		};
		045ED7BC20FE095C004155D2 /* developer */ = {
			isa = PBXGroup;
			children = (
				045ED7BD20FE096F004155D2 /* Extensions.swift */,
			);
			path = developer;
			sourceTree = "<group>";
		};
		045ED7BF20FE0E62004155D2 /* view */ = {
			isa = PBXGroup;
			children = (
				045ED7C720FE1681004155D2 /* NewPlayerAddeterView.swift */,
			);
			path = view;
			sourceTree = "<group>";
		};
		045ED7C020FE0E6C004155D2 /* models */ = {
			isa = PBXGroup;
			children = (
				045ED7C120FE0E7F004155D2 /* GamerListModel.swift */,
			);
			path = models;
			sourceTree = "<group>";
		};
		045ED7C920FF3420004155D2 /* common */ = {
			isa = PBXGroup;
			children = (
				045ED7CA20FF3433004155D2 /* Colors.swift */,
			);
			path = common;
			sourceTree = "<group>";
		};
/* End PBXGroup section */

/* Begin PBXNativeTarget section */
		045ED78D20FDFDC8004155D2 /* 5second */ = {
			isa = PBXNativeTarget;
			buildConfigurationList = 045ED7A320FDFDCC004155D2 /* Build configuration list for PBXNativeTarget "5second" */;
			buildPhases = (
				045ED78A20FDFDC8004155D2 /* Sources */,
				045ED78B20FDFDC8004155D2 /* Frameworks */,
				045ED78C20FDFDC8004155D2 /* Resources */,
			);
			buildRules = (
			);
			dependencies = (
			);
			name = 5second;
			productName = 5second;
			productReference = 045ED78E20FDFDC8004155D2 /* 5second.app */;
			productType = "com.apple.product-type.application";
		};
/* End PBXNativeTarget section */

/* Begin PBXProject section */
		045ED78620FDFDC7004155D2 /* Project object */ = {
			isa = PBXProject;
			attributes = {
				LastSwiftUpdateCheck = 0940;
				LastUpgradeCheck = 0940;
				ORGANIZATIONNAME = vz;
				TargetAttributes = {
					045ED78D20FDFDC8004155D2 = {
						CreatedOnToolsVersion = 9.4;
					};
				};
			};
			buildConfigurationList = 045ED78920FDFDC7004155D2 /* Build configuration list for PBXProject "five_seconds" */;
			compatibilityVersion = "Xcode 9.3";
			developmentRegion = en;
			hasScannedForEncodings = 0;
			knownRegions = (
				en,
				Base,
			);
			mainGroup = 045ED78520FDFDC7004155D2;
			productRefGroup = 045ED78F20FDFDC8004155D2 /* Products */;
			projectDirPath = "";
			projectRoot = "";
			targets = (
				045ED78D20FDFDC8004155D2 /* 5second */,
			);
		};
/* End PBXProject section */

/* Begin PBXResourcesBuildPhase section */
		045ED78C20FDFDC8004155D2 /* Resources */ = {
			isa = PBXResourcesBuildPhase;
			buildActionMask = 2147483647;
			files = (
				045ED7C620FE1070004155D2 /* PlayerCell.xib in Resources */,
				045ED79F20FDFDCC004155D2 /* LaunchScreen.storyboard in Resources */,
				045ED79C20FDFDCC004155D2 /* Assets.xcassets in Resources */,
				045ED7B520FE04A1004155D2 /* GameNavigation.storyboard in Resources */,
				045ED7B020FE00A4004155D2 /* MenuViewController.storyboard in Resources */,
				045ED7BA20FE090E004155D2 /* GamerListViewController.storyboard in Resources */,
			);
			runOnlyForDeploymentPostprocessing = 0;
		};
/* End PBXResourcesBuildPhase section */

/* Begin PBXSourcesBuildPhase section */
		045ED78A20FDFDC8004155D2 /* Sources */ = {
			isa = PBXSourcesBuildPhase;
			buildActionMask = 2147483647;
			files = (
				045ED7B320FE00DE004155D2 /* BackgroundView.swift in Sources */,
				045ED7CB20FF3434004155D2 /* Colors.swift in Sources */,
				045ED7C820FE1681004155D2 /* NewPlayerAddeterView.swift in Sources */,
				045ED7AE20FDFFFA004155D2 /* MenuViewController.swift in Sources */,
				045ED7AC20FDFEBB004155D2 /* StoryboardList.swift in Sources */,
				045ED7BE20FE096F004155D2 /* Extensions.swift in Sources */,
				045ED7C520FE1070004155D2 /* PlayerCell.swift in Sources */,
				045ED7AA20FDFE9A004155D2 /* GameNavigation.swift in Sources */,
				045ED79A20FDFDC9004155D2 /* five_seconds.xcdatamodeld in Sources */,
				045ED7B820FE08FF004155D2 /* GamerListViewController.swift in Sources */,
				045ED7C220FE0E7F004155D2 /* GamerListModel.swift in Sources */,
				045ED79220FDFDC8004155D2 /* AppDelegate.swift in Sources */,
			);
			runOnlyForDeploymentPostprocessing = 0;
		};
/* End PBXSourcesBuildPhase section */

/* Begin PBXVariantGroup section */
		045ED79D20FDFDCC004155D2 /* LaunchScreen.storyboard */ = {
			isa = PBXVariantGroup;
			children = (
				045ED79E20FDFDCC004155D2 /* Base */,
			);
			name = LaunchScreen.storyboard;
			sourceTree = "<group>";
		};
/* End PBXVariantGroup section */

/* Begin XCBuildConfiguration section */
		045ED7A120FDFDCC004155D2 /* Debug */ = {
			isa = XCBuildConfiguration;
			buildSettings = {
				ALWAYS_SEARCH_USER_PATHS = NO;
				CLANG_ANALYZER_NONNULL = YES;
				CLANG_ANALYZER_NUMBER_OBJECT_CONVERSION = YES_AGGRESSIVE;
				CLANG_CXX_LANGUAGE_STANDARD = "gnu++14";
				CLANG_CXX_LIBRARY = "libc++";
				CLANG_ENABLE_MODULES = YES;
				CLANG_ENABLE_OBJC_ARC = YES;
				CLANG_ENABLE_OBJC_WEAK = YES;
				CLANG_WARN_BLOCK_CAPTURE_AUTORELEASING = YES;
				CLANG_WARN_BOOL_CONVERSION = YES;
				CLANG_WARN_COMMA = YES;
				CLANG_WARN_CONSTANT_CONVERSION = YES;
				CLANG_WARN_DEPRECATED_OBJC_IMPLEMENTATIONS = YES;
				CLANG_WARN_DIRECT_OBJC_ISA_USAGE = YES_ERROR;
				CLANG_WARN_DOCUMENTATION_COMMENTS = YES;
				CLANG_WARN_EMPTY_BODY = YES;
				CLANG_WARN_ENUM_CONVERSION = YES;
				CLANG_WARN_INFINITE_RECURSION = YES;
				CLANG_WARN_INT_CONVERSION = YES;
				CLANG_WARN_NON_LITERAL_NULL_CONVERSION = YES;
				CLANG_WARN_OBJC_IMPLICIT_RETAIN_SELF = YES;
				CLANG_WARN_OBJC_LITERAL_CONVERSION = YES;
				CLANG_WARN_OBJC_ROOT_CLASS = YES_ERROR;
				CLANG_WARN_RANGE_LOOP_ANALYSIS = YES;
				CLANG_WARN_STRICT_PROTOTYPES = YES;
				CLANG_WARN_SUSPICIOUS_MOVE = YES;
				CLANG_WARN_UNGUARDED_AVAILABILITY = YES_AGGRESSIVE;
				CLANG_WARN_UNREACHABLE_CODE = YES;
				CLANG_WARN__DUPLICATE_METHOD_MATCH = YES;
				CODE_SIGN_IDENTITY = "iPhone Developer";
				COPY_PHASE_STRIP = NO;
				DEBUG_INFORMATION_FORMAT = dwarf;
				ENABLE_STRICT_OBJC_MSGSEND = YES;
				ENABLE_TESTABILITY = YES;
				GCC_C_LANGUAGE_STANDARD = gnu11;
				GCC_DYNAMIC_NO_PIC = NO;
				GCC_NO_COMMON_BLOCKS = YES;
				GCC_OPTIMIZATION_LEVEL = 0;
				GCC_PREPROCESSOR_DEFINITIONS = (
					"DEBUG=1",
					"$(inherited)",
				);
				GCC_WARN_64_TO_32_BIT_CONVERSION = YES;
				GCC_WARN_ABOUT_RETURN_TYPE = YES_ERROR;
				GCC_WARN_UNDECLARED_SELECTOR = YES;
				GCC_WARN_UNINITIALIZED_AUTOS = YES_AGGRESSIVE;
				GCC_WARN_UNUSED_FUNCTION = YES;
				GCC_WARN_UNUSED_VARIABLE = YES;
				IPHONEOS_DEPLOYMENT_TARGET = 11.4;
				MTL_ENABLE_DEBUG_INFO = YES;
				ONLY_ACTIVE_ARCH = YES;
				SDKROOT = iphoneos;
				SWIFT_ACTIVE_COMPILATION_CONDITIONS = DEBUG;
				SWIFT_OPTIMIZATION_LEVEL = "-Onone";
			};
			name = Debug;
		};
		045ED7A220FDFDCC004155D2 /* Release */ = {
			isa = XCBuildConfiguration;
			buildSettings = {
				ALWAYS_SEARCH_USER_PATHS = NO;
				CLANG_ANALYZER_NONNULL = YES;
				CLANG_ANALYZER_NUMBER_OBJECT_CONVERSION = YES_AGGRESSIVE;
				CLANG_CXX_LANGUAGE_STANDARD = "gnu++14";
				CLANG_CXX_LIBRARY = "libc++";
				CLANG_ENABLE_MODULES = YES;
				CLANG_ENABLE_OBJC_ARC = YES;
				CLANG_ENABLE_OBJC_WEAK = YES;
				CLANG_WARN_BLOCK_CAPTURE_AUTORELEASING = YES;
				CLANG_WARN_BOOL_CONVERSION = YES;
				CLANG_WARN_COMMA = YES;
				CLANG_WARN_CONSTANT_CONVERSION = YES;
				CLANG_WARN_DEPRECATED_OBJC_IMPLEMENTATIONS = YES;
				CLANG_WARN_DIRECT_OBJC_ISA_USAGE = YES_ERROR;
				CLANG_WARN_DOCUMENTATION_COMMENTS = YES;
				CLANG_WARN_EMPTY_BODY = YES;
				CLANG_WARN_ENUM_CONVERSION = YES;
				CLANG_WARN_INFINITE_RECURSION = YES;
				CLANG_WARN_INT_CONVERSION = YES;
				CLANG_WARN_NON_LITERAL_NULL_CONVERSION = YES;
				CLANG_WARN_OBJC_IMPLICIT_RETAIN_SELF = YES;
				CLANG_WARN_OBJC_LITERAL_CONVERSION = YES;
				CLANG_WARN_OBJC_ROOT_CLASS = YES_ERROR;
				CLANG_WARN_RANGE_LOOP_ANALYSIS = YES;
				CLANG_WARN_STRICT_PROTOTYPES = YES;
				CLANG_WARN_SUSPICIOUS_MOVE = YES;
				CLANG_WARN_UNGUARDED_AVAILABILITY = YES_AGGRESSIVE;
				CLANG_WARN_UNREACHABLE_CODE = YES;
				CLANG_WARN__DUPLICATE_METHOD_MATCH = YES;
				CODE_SIGN_IDENTITY = "iPhone Developer";
				COPY_PHASE_STRIP = NO;
				DEBUG_INFORMATION_FORMAT = "dwarf-with-dsym";
				ENABLE_NS_ASSERTIONS = NO;
				ENABLE_STRICT_OBJC_MSGSEND = YES;
				GCC_C_LANGUAGE_STANDARD = gnu11;
				GCC_NO_COMMON_BLOCKS = YES;
				GCC_WARN_64_TO_32_BIT_CONVERSION = YES;
				GCC_WARN_ABOUT_RETURN_TYPE = YES_ERROR;
				GCC_WARN_UNDECLARED_SELECTOR = YES;
				GCC_WARN_UNINITIALIZED_AUTOS = YES_AGGRESSIVE;
				GCC_WARN_UNUSED_FUNCTION = YES;
				GCC_WARN_UNUSED_VARIABLE = YES;
				IPHONEOS_DEPLOYMENT_TARGET = 11.4;
				MTL_ENABLE_DEBUG_INFO = NO;
				SDKROOT = iphoneos;
				SWIFT_COMPILATION_MODE = wholemodule;
				SWIFT_OPTIMIZATION_LEVEL = "-O";
				VALIDATE_PRODUCT = YES;
			};
			name = Release;
		};
		045ED7A420FDFDCC004155D2 /* Debug */ = {
			isa = XCBuildConfiguration;
			buildSettings = {
				ASSETCATALOG_COMPILER_APPICON_NAME = AppIcon;
				CODE_SIGN_STYLE = Automatic;
				DEVELOPMENT_TEAM = J57LR5C228;
				INFOPLIST_FILE = "$(SRCROOT)/five_seconds/Info.plist";
				IPHONEOS_DEPLOYMENT_TARGET = 10.0;
				LD_RUNPATH_SEARCH_PATHS = (
					"$(inherited)",
					"@executable_path/Frameworks",
				);
				PRODUCT_BUNDLE_IDENTIFIER = "vz.mdsoft.poster.app.-second";
				PRODUCT_NAME = "$(TARGET_NAME)";
				SWIFT_VERSION = 4.0;
				TARGETED_DEVICE_FAMILY = "1,2";
			};
			name = Debug;
		};
		045ED7A520FDFDCC004155D2 /* Release */ = {
			isa = XCBuildConfiguration;
			buildSettings = {
				ASSETCATALOG_COMPILER_APPICON_NAME = AppIcon;
				CODE_SIGN_STYLE = Automatic;
				DEVELOPMENT_TEAM = J57LR5C228;
				INFOPLIST_FILE = "$(SRCROOT)/five_seconds/Info.plist";
				IPHONEOS_DEPLOYMENT_TARGET = 10.0;
				LD_RUNPATH_SEARCH_PATHS = (
					"$(inherited)",
					"@executable_path/Frameworks",
				);
				PRODUCT_BUNDLE_IDENTIFIER = "vz.mdsoft.poster.app.-second";
				PRODUCT_NAME = "$(TARGET_NAME)";
				SWIFT_VERSION = 4.0;
				TARGETED_DEVICE_FAMILY = "1,2";
			};
			name = Release;
		};
/* End XCBuildConfiguration section */

/* Begin XCConfigurationList section */
		045ED78920FDFDC7004155D2 /* Build configuration list for PBXProject "five_seconds" */ = {
			isa = XCConfigurationList;
			buildConfigurations = (
				045ED7A120FDFDCC004155D2 /* Debug */,
				045ED7A220FDFDCC004155D2 /* Release */,
			);
			defaultConfigurationIsVisible = 0;
			defaultConfigurationName = Release;
		};
		045ED7A320FDFDCC004155D2 /* Build configuration list for PBXNativeTarget "5second" */ = {
			isa = XCConfigurationList;
			buildConfigurations = (
				045ED7A420FDFDCC004155D2 /* Debug */,
				045ED7A520FDFDCC004155D2 /* Release */,
			);
			defaultConfigurationIsVisible = 0;
			defaultConfigurationName = Release;
		};
/* End XCConfigurationList section */

/* Begin XCVersionGroup section */
		045ED79820FDFDC9004155D2 /* five_seconds.xcdatamodeld */ = {
			isa = XCVersionGroup;
			children = (
				045ED79920FDFDC9004155D2 /* _second.xcdatamodel */,
			);
			currentVersion = 045ED79920FDFDC9004155D2 /* _second.xcdatamodel */;
			path = five_seconds.xcdatamodeld;
			sourceTree = "<group>";
			versionGroupType = wrapper.xcdatamodel;
		};
/* End XCVersionGroup section */
	};
	rootObject = 045ED78620FDFDC7004155D2 /* Project object */;
}
